
Microsoft Visual Studio Solution File, Format Version 12.00
# Visual Studio Version 16
VisualStudioVersion = 16.0.29911.84
MinimumVisualStudioVersion = 10.0.40219.1
Project("{9A19103F-16F7-4668-BE54-9A1E7A4F7556}") = "COO.BackendApi", "COO.BackendApi\COO.BackendApi.csproj", "{8AD38C55-8DDA-4F3D-B2B1-4656AE78D08C}"
EndProject
Project("{2150E333-8FDC-42A3-9474-1A3956D46DE8}") = "0 Solution Items", "0 Solution Items", "{E677041C-49BF-4C2E-882F-EB3F97CB0B0A}"
	ProjectSection(SolutionItems) = preProject
		README.md = README.md
	EndProjectSection
EndProject
Project("{2150E333-8FDC-42A3-9474-1A3956D46DE8}") = "1. Infarstructure", "1. Infarstructure", "{DEBC3D71-AF20-4D30-B4B8-95CE7C0B23DB}"
EndProject
Project("{2150E333-8FDC-42A3-9474-1A3956D46DE8}") = "2. Domain", "2. Domain", "{69B33630-5EA7-45E0-8D26-952D04A896D0}"
EndProject
Project("{2150E333-8FDC-42A3-9474-1A3956D46DE8}") = "3. Hosts", "3. Hosts", "{092E6CB5-A9EE-4F24-B872-E6242ABF1AB6}"
EndProject
Project("{9A19103F-16F7-4668-BE54-9A1E7A4F7556}") = "COO.Data", "COO.Data\COO.Data.csproj", "{A5D49B71-5FEE-448C-ACEA-F3E232496557}"
EndProject
Project("{9A19103F-16F7-4668-BE54-9A1E7A4F7556}") = "COO.Application", "COO.Application\COO.Application.csproj", "{7974AC1F-8D4C-4678-B6BB-33DCC9E845F4}"
EndProject
Project("{9A19103F-16F7-4668-BE54-9A1E7A4F7556}") = "COO.ViewModels", "COO.ViewModels\COO.ViewModels.csproj", "{29317201-21F2-456F-B45B-B19237F5AA72}"
EndProject
Project("{9A19103F-16F7-4668-BE54-9A1E7A4F7556}") = "COO.Utilities", "COO.Utilities\COO.Utilities.csproj", "{24FBEF22-2435-4661-A140-FB7173B95D64}"
EndProject
Project("{2150E333-8FDC-42A3-9474-1A3956D46DE8}") = "4. Service", "4. Service", "{FA2CE392-C2D5-4804-975E-BD076DCCCCB2}"
EndProject
Project("{9A19103F-16F7-4668-BE54-9A1E7A4F7556}") = "COO.Service", "COO.Service\COO.Service.csproj", "{76C79AEB-9BD3-4213-A73C-EE24FA64AE7E}"
EndProject
Project("{FAE04EC0-301F-11D3-BF4B-00C04F79EFBC}") = "COO.ServiceSAP", "COO.ServiceSAP\COO.ServiceSAP.csproj", "{7C016403-730A-4DD6-B76F-CF9381727839}"
EndProject
Project("{FAE04EC0-301F-11D3-BF4B-00C04F79EFBC}") = "COO.Web", "COO.Web\COO.Web.csproj", "{CF480A44-24B7-48E2-AB38-A67E14FED042}"
EndProject
Global
	GlobalSection(SolutionConfigurationPlatforms) = preSolution
		Debug|Any CPU = Debug|Any CPU
		Release|Any CPU = Release|Any CPU
	EndGlobalSection
	GlobalSection(ProjectConfigurationPlatforms) = postSolution
		{8AD38C55-8DDA-4F3D-B2B1-4656AE78D08C}.Debug|Any CPU.ActiveCfg = Debug|Any CPU
		{8AD38C55-8DDA-4F3D-B2B1-4656AE78D08C}.Debug|Any CPU.Build.0 = Debug|Any CPU
		{8AD38C55-8DDA-4F3D-B2B1-4656AE78D08C}.Release|Any CPU.ActiveCfg = Release|Any CPU
		{8AD38C55-8DDA-4F3D-B2B1-4656AE78D08C}.Release|Any CPU.Build.0 = Release|Any CPU
		{A5D49B71-5FEE-448C-ACEA-F3E232496557}.Debug|Any CPU.ActiveCfg = Debug|Any CPU
		{A5D49B71-5FEE-448C-ACEA-F3E232496557}.Debug|Any CPU.Build.0 = Debug|Any CPU
		{A5D49B71-5FEE-448C-ACEA-F3E232496557}.Release|Any CPU.ActiveCfg = Release|Any CPU
		{A5D49B71-5FEE-448C-ACEA-F3E232496557}.Release|Any CPU.Build.0 = Release|Any CPU
		{7974AC1F-8D4C-4678-B6BB-33DCC9E845F4}.Debug|Any CPU.ActiveCfg = Debug|Any CPU
		{7974AC1F-8D4C-4678-B6BB-33DCC9E845F4}.Debug|Any CPU.Build.0 = Debug|Any CPU
		{7974AC1F-8D4C-4678-B6BB-33DCC9E845F4}.Release|Any CPU.ActiveCfg = Release|Any CPU
		{7974AC1F-8D4C-4678-B6BB-33DCC9E845F4}.Release|Any CPU.Build.0 = Release|Any CPU
		{29317201-21F2-456F-B45B-B19237F5AA72}.Debug|Any CPU.ActiveCfg = Debug|Any CPU
		{29317201-21F2-456F-B45B-B19237F5AA72}.Debug|Any CPU.Build.0 = Debug|Any CPU
		{29317201-21F2-456F-B45B-B19237F5AA72}.Release|Any CPU.ActiveCfg = Release|Any CPU
		{29317201-21F2-456F-B45B-B19237F5AA72}.Release|Any CPU.Build.0 = Release|Any CPU
		{24FBEF22-2435-4661-A140-FB7173B95D64}.Debug|Any CPU.ActiveCfg = Debug|Any CPU
		{24FBEF22-2435-4661-A140-FB7173B95D64}.Debug|Any CPU.Build.0 = Debug|Any CPU
		{24FBEF22-2435-4661-A140-FB7173B95D64}.Release|Any CPU.ActiveCfg = Release|Any CPU
		{24FBEF22-2435-4661-A140-FB7173B95D64}.Release|Any CPU.Build.0 = Release|Any CPU
		{76C79AEB-9BD3-4213-A73C-EE24FA64AE7E}.Debug|Any CPU.ActiveCfg = Debug|Any CPU
		{76C79AEB-9BD3-4213-A73C-EE24FA64AE7E}.Debug|Any CPU.Build.0 = Debug|Any CPU
		{76C79AEB-9BD3-4213-A73C-EE24FA64AE7E}.Release|Any CPU.ActiveCfg = Release|Any CPU
		{76C79AEB-9BD3-4213-A73C-EE24FA64AE7E}.Release|Any CPU.Build.0 = Release|Any CPU
		{7C016403-730A-4DD6-B76F-CF9381727839}.Debug|Any CPU.ActiveCfg = Debug|Any CPU
		{7C016403-730A-4DD6-B76F-CF9381727839}.Debug|Any CPU.Build.0 = Debug|Any CPU
		{7C016403-730A-4DD6-B76F-CF9381727839}.Release|Any CPU.ActiveCfg = Release|Any CPU
		{7C016403-730A-4DD6-B76F-CF9381727839}.Release|Any CPU.Build.0 = Release|Any CPU
		{CF480A44-24B7-48E2-AB38-A67E14FED042}.Debug|Any CPU.ActiveCfg = Debug|Any CPU
		{CF480A44-24B7-48E2-AB38-A67E14FED042}.Debug|Any CPU.Build.0 = Debug|Any CPU
		{CF480A44-24B7-48E2-AB38-A67E14FED042}.Release|Any CPU.ActiveCfg = Release|Any CPU
		{CF480A44-24B7-48E2-AB38-A67E14FED042}.Release|Any CPU.Build.0 = Release|Any CPU
	EndGlobalSection
	GlobalSection(SolutionProperties) = preSolution
		HideSolutionNode = FALSE
	EndGlobalSection
	GlobalSection(NestedProjects) = preSolution
		{8AD38C55-8DDA-4F3D-B2B1-4656AE78D08C} = {092E6CB5-A9EE-4F24-B872-E6242ABF1AB6}
		{A5D49B71-5FEE-448C-ACEA-F3E232496557} = {69B33630-5EA7-45E0-8D26-952D04A896D0}
		{7974AC1F-8D4C-4678-B6BB-33DCC9E845F4} = {69B33630-5EA7-45E0-8D26-952D04A896D0}
		{29317201-21F2-456F-B45B-B19237F5AA72} = {DEBC3D71-AF20-4D30-B4B8-95CE7C0B23DB}
		{24FBEF22-2435-4661-A140-FB7173B95D64} = {DEBC3D71-AF20-4D30-B4B8-95CE7C0B23DB}
		{76C79AEB-9BD3-4213-A73C-EE24FA64AE7E} = {FA2CE392-C2D5-4804-975E-BD076DCCCCB2}
		{7C016403-730A-4DD6-B76F-CF9381727839} = {FA2CE392-C2D5-4804-975E-BD076DCCCCB2}
		{CF480A44-24B7-48E2-AB38-A67E14FED042} = {092E6CB5-A9EE-4F24-B872-E6242ABF1AB6}
	EndGlobalSection
	GlobalSection(ExtensibilityGlobals) = postSolution
		SolutionGuid = {27145902-0E93-4D2B-B86D-9B155214079E}
	EndGlobalSection
EndGlobal
